langcode: en
status: true
dependencies:
  config:
    - block_content.type.site_template_block
  module:
    - content_translation
third_party_settings:
  content_translation:
    enabled: true
    bundle_settings:
      untranslatable_fields_hide: '0'
id: block_content.site_template_block
target_entity_type_id: block_content
target_bundle: site_template_block
default_langcode: current_interface
language_alterable: true
